
Microsoft Visual Studio Solution File, Format Version 12.00
# Visual Studio Version 17
VisualStudioVersion = 17.6.33801.468
MinimumVisualStudioVersion = 10.0.40219.1
Project("{9A19103F-16F7-4668-BE54-9A1E7A4F7556}") = "VendorTest", "VendorTest\VendorTest.csproj", "{8A702158-CA37-4AD6-871B-4C14B717A4ED}"
EndProject
Project("{9A19103F-16F7-4668-BE54-9A1E7A4F7556}") = "Functions", "Outgoing\Functions.csproj", "{567F3727-42FF-4434-B817-C46C26BB3A75}"
EndProject
Project("{FAE04EC0-301F-11D3-BF4B-00C04F79EFBC}") = "Core", "Core\Core.csproj", "{50DF891E-923E-4818-A425-5DFA354FBA08}"
EndProject
Project("{FAE04EC0-301F-11D3-BF4B-00C04F79EFBC}") = "Interfaces", "CoreInterfaces\Interfaces.csproj", "{86299D77-D90E-4FD3-8093-3937894E50A1}"
EndProject
Project("{9A19103F-16F7-4668-BE54-9A1E7A4F7556}") = "CosmosDB", "DB\CosmosDB.csproj", "{34A06CFD-BB9B-42FF-8431-96CE76DE3933}"
EndProject
Global
	GlobalSection(SolutionConfigurationPlatforms) = preSolution
		Debug|Any CPU = Debug|Any CPU
		Release|Any CPU = Release|Any CPU
	EndGlobalSection
	GlobalSection(ProjectConfigurationPlatforms) = postSolution
		{8A702158-CA37-4AD6-871B-4C14B717A4ED}.Debug|Any CPU.ActiveCfg = Debug|Any CPU
		{8A702158-CA37-4AD6-871B-4C14B717A4ED}.Debug|Any CPU.Build.0 = Debug|Any CPU
		{8A702158-CA37-4AD6-871B-4C14B717A4ED}.Release|Any CPU.ActiveCfg = Release|Any CPU
		{8A702158-CA37-4AD6-871B-4C14B717A4ED}.Release|Any CPU.Build.0 = Release|Any CPU
		{567F3727-42FF-4434-B817-C46C26BB3A75}.Debug|Any CPU.ActiveCfg = Debug|Any CPU
		{567F3727-42FF-4434-B817-C46C26BB3A75}.Debug|Any CPU.Build.0 = Debug|Any CPU
		{567F3727-42FF-4434-B817-C46C26BB3A75}.Release|Any CPU.ActiveCfg = Release|Any CPU
		{567F3727-42FF-4434-B817-C46C26BB3A75}.Release|Any CPU.Build.0 = Release|Any CPU
		{50DF891E-923E-4818-A425-5DFA354FBA08}.Debug|Any CPU.ActiveCfg = Debug|Any CPU
		{50DF891E-923E-4818-A425-5DFA354FBA08}.Debug|Any CPU.Build.0 = Debug|Any CPU
		{50DF891E-923E-4818-A425-5DFA354FBA08}.Release|Any CPU.ActiveCfg = Release|Any CPU
		{50DF891E-923E-4818-A425-5DFA354FBA08}.Release|Any CPU.Build.0 = Release|Any CPU
		{86299D77-D90E-4FD3-8093-3937894E50A1}.Debug|Any CPU.ActiveCfg = Debug|Any CPU
		{86299D77-D90E-4FD3-8093-3937894E50A1}.Debug|Any CPU.Build.0 = Debug|Any CPU
		{86299D77-D90E-4FD3-8093-3937894E50A1}.Release|Any CPU.ActiveCfg = Release|Any CPU
		{86299D77-D90E-4FD3-8093-3937894E50A1}.Release|Any CPU.Build.0 = Release|Any CPU
		{34A06CFD-BB9B-42FF-8431-96CE76DE3933}.Debug|Any CPU.ActiveCfg = Debug|Any CPU
		{34A06CFD-BB9B-42FF-8431-96CE76DE3933}.Debug|Any CPU.Build.0 = Debug|Any CPU
		{34A06CFD-BB9B-42FF-8431-96CE76DE3933}.Release|Any CPU.ActiveCfg = Release|Any CPU
		{34A06CFD-BB9B-42FF-8431-96CE76DE3933}.Release|Any CPU.Build.0 = Release|Any CPU
	EndGlobalSection
	GlobalSection(SolutionProperties) = preSolution
		HideSolutionNode = FALSE
	EndGlobalSection
	GlobalSection(ExtensibilityGlobals) = postSolution
		SolutionGuid = {71EF5C2D-AC5A-40D7-8F65-DB889D61E1B2}
	EndGlobalSection
EndGlobal
