
Microsoft Visual Studio Solution File, Format Version 12.00
# Visual Studio Version 17
VisualStudioVersion = 17.6.33801.468
MinimumVisualStudioVersion = 10.0.40219.1
Project("{9A19103F-16F7-4668-BE54-9A1E7A4F7556}") = "VendorTest", "VendorTest\VendorTest.csproj", "{8A702158-CA37-4AD6-871B-4C14B717A4ED}"
EndProject
Project("{9A19103F-16F7-4668-BE54-9A1E7A4F7556}") = "Core", "Storage\Core.csproj", "{6B5ACBE4-314C-43C3-B593-BBB7D122D16F}"
EndProject
Project("{9A19103F-16F7-4668-BE54-9A1E7A4F7556}") = "CosmosDB", "DB\CosmosDB.csproj", "{B3CC4D23-7036-46DA-ABD6-5E50680F1FC9}"
EndProject
Project("{9A19103F-16F7-4668-BE54-9A1E7A4F7556}") = "Interfaces", "Interfaces\Interfaces.csproj", "{6EFA85EF-46C0-43D6-8291-780E870C8FAD}"
EndProject
Project("{9A19103F-16F7-4668-BE54-9A1E7A4F7556}") = "SMTPEmailClient", "SMTPEmailClient\SMTPEmailClient.csproj", "{91CB3D70-8AA7-40D9-8189-21A60355E667}"
EndProject
Project("{9A19103F-16F7-4668-BE54-9A1E7A4F7556}") = "GMailClient", "GMailClient\GMailClient.csproj", "{5DE0604B-CA14-407F-97A7-F44FFCEEAD67}"
EndProject
Global
	GlobalSection(SolutionConfigurationPlatforms) = preSolution
		Debug|Any CPU = Debug|Any CPU
		Release|Any CPU = Release|Any CPU
	EndGlobalSection
	GlobalSection(ProjectConfigurationPlatforms) = postSolution
		{8A702158-CA37-4AD6-871B-4C14B717A4ED}.Debug|Any CPU.ActiveCfg = Debug|Any CPU
		{8A702158-CA37-4AD6-871B-4C14B717A4ED}.Debug|Any CPU.Build.0 = Debug|Any CPU
		{8A702158-CA37-4AD6-871B-4C14B717A4ED}.Release|Any CPU.ActiveCfg = Release|Any CPU
		{8A702158-CA37-4AD6-871B-4C14B717A4ED}.Release|Any CPU.Build.0 = Release|Any CPU
		{6B5ACBE4-314C-43C3-B593-BBB7D122D16F}.Debug|Any CPU.ActiveCfg = Debug|Any CPU
		{6B5ACBE4-314C-43C3-B593-BBB7D122D16F}.Debug|Any CPU.Build.0 = Debug|Any CPU
		{6B5ACBE4-314C-43C3-B593-BBB7D122D16F}.Release|Any CPU.ActiveCfg = Release|Any CPU
		{6B5ACBE4-314C-43C3-B593-BBB7D122D16F}.Release|Any CPU.Build.0 = Release|Any CPU
		{B3CC4D23-7036-46DA-ABD6-5E50680F1FC9}.Debug|Any CPU.ActiveCfg = Debug|Any CPU
		{B3CC4D23-7036-46DA-ABD6-5E50680F1FC9}.Debug|Any CPU.Build.0 = Debug|Any CPU
		{B3CC4D23-7036-46DA-ABD6-5E50680F1FC9}.Release|Any CPU.ActiveCfg = Release|Any CPU
		{B3CC4D23-7036-46DA-ABD6-5E50680F1FC9}.Release|Any CPU.Build.0 = Release|Any CPU
		{6EFA85EF-46C0-43D6-8291-780E870C8FAD}.Debug|Any CPU.ActiveCfg = Debug|Any CPU
		{6EFA85EF-46C0-43D6-8291-780E870C8FAD}.Debug|Any CPU.Build.0 = Debug|Any CPU
		{6EFA85EF-46C0-43D6-8291-780E870C8FAD}.Release|Any CPU.ActiveCfg = Release|Any CPU
		{6EFA85EF-46C0-43D6-8291-780E870C8FAD}.Release|Any CPU.Build.0 = Release|Any CPU
		{91CB3D70-8AA7-40D9-8189-21A60355E667}.Debug|Any CPU.ActiveCfg = Debug|Any CPU
		{91CB3D70-8AA7-40D9-8189-21A60355E667}.Debug|Any CPU.Build.0 = Debug|Any CPU
		{91CB3D70-8AA7-40D9-8189-21A60355E667}.Release|Any CPU.ActiveCfg = Release|Any CPU
		{91CB3D70-8AA7-40D9-8189-21A60355E667}.Release|Any CPU.Build.0 = Release|Any CPU
		{5DE0604B-CA14-407F-97A7-F44FFCEEAD67}.Debug|Any CPU.ActiveCfg = Debug|Any CPU
		{5DE0604B-CA14-407F-97A7-F44FFCEEAD67}.Debug|Any CPU.Build.0 = Debug|Any CPU
		{5DE0604B-CA14-407F-97A7-F44FFCEEAD67}.Release|Any CPU.ActiveCfg = Release|Any CPU
		{5DE0604B-CA14-407F-97A7-F44FFCEEAD67}.Release|Any CPU.Build.0 = Release|Any CPU
	EndGlobalSection
	GlobalSection(SolutionProperties) = preSolution
		HideSolutionNode = FALSE
	EndGlobalSection
	GlobalSection(ExtensibilityGlobals) = postSolution
		SolutionGuid = {71EF5C2D-AC5A-40D7-8F65-DB889D61E1B2}
	EndGlobalSection
EndGlobal
