
Microsoft Visual Studio Solution File, Format Version 12.00
# Visual Studio Version 17
VisualStudioVersion = 17.6.33801.468
MinimumVisualStudioVersion = 10.0.40219.1
Project("{9A19103F-16F7-4668-BE54-9A1E7A4F7556}") = "VendorTest", "VendorTest\VendorTest.csproj", "{8A702158-CA37-4AD6-871B-4C14B717A4ED}"
EndProject
Project("{9A19103F-16F7-4668-BE54-9A1E7A4F7556}") = "Core", "Storage\Core.csproj", "{6B5ACBE4-314C-43C3-B593-BBB7D122D16F}"
EndProject
Project("{9A19103F-16F7-4668-BE54-9A1E7A4F7556}") = "CosmosDB", "DB\CosmosDB.csproj", "{B3CC4D23-7036-46DA-ABD6-5E50680F1FC9}"
EndProject
Project("{9A19103F-16F7-4668-BE54-9A1E7A4F7556}") = "Interfaces", "Interfaces\Interfaces.csproj", "{6EFA85EF-46C0-43D6-8291-780E870C8FAD}"
EndProject
Project("{9A19103F-16F7-4668-BE54-9A1E7A4F7556}") = "QTGetSendOrder", "VendorFunctions\QTGetSendOrder.csproj", "{F3EF0591-05E5-4523-9B46-5622B73802CF}"
EndProject
Project("{9A19103F-16F7-4668-BE54-9A1E7A4F7556}") = "QTSendOrder", "Outgoing\QTSendOrder.csproj", "{567F3727-42FF-4434-B817-C46C26BB3A75}"
EndProject
Project("{9A19103F-16F7-4668-BE54-9A1E7A4F7556}") = "TTSendAdmin", "FuncAdminEmail\TTSendAdmin.csproj", "{140C2B48-BAD3-48C6-AB4E-EC1560FB7899}"
EndProject
Project("{9A19103F-16F7-4668-BE54-9A1E7A4F7556}") = "QTAdjInventory", "FuncAdjustInventory\QTAdjInventory.csproj", "{B5E381A3-01BB-48E4-B9E6-9A4E607D7326}"
EndProject
Project("{9A19103F-16F7-4668-BE54-9A1E7A4F7556}") = "QTGetAskAdmin_SendOrder", "FuncCheckforVendorOrderResponse\QTGetAskAdmin_SendOrder.csproj", "{74668011-17B2-4DD4-A04D-B83115C10460}"
EndProject
Project("{9A19103F-16F7-4668-BE54-9A1E7A4F7556}") = "QTGetReplyOrder", "funcGetResponsesToOrders\QTGetReplyOrder.csproj", "{ABCD3D61-D026-4FA1-879C-79524A82FA8E}"
EndProject
Project("{9A19103F-16F7-4668-BE54-9A1E7A4F7556}") = "TTAskAdmin_SendOrder", "FunctionApp1\TTAskAdmin_SendOrder.csproj", "{2166EE5E-30B5-494E-912F-86358130C539}"
EndProject
Project("{9A19103F-16F7-4668-BE54-9A1E7A4F7556}") = "QTGetEmail", "RecieveEmail\QTGetEmail.csproj", "{9789882D-1861-4F35-9A9C-B8CE2A929BF9}"
EndProject
Project("{2150E333-8FDC-42A3-9474-1A3956D46DE8}") = "WebPage", "WebPage", "{DF795E33-8F8A-4943-9C67-4B6DB8BCF1CD}"
EndProject
Project("{2150E333-8FDC-42A3-9474-1A3956D46DE8}") = "BusinessClasses", "BusinessClasses", "{F80E6C50-006C-4490-BACE-59172A39A0C4}"
EndProject
Project("{2150E333-8FDC-42A3-9474-1A3956D46DE8}") = "VendorOrder", "VendorOrder", "{161231EB-0809-4150-BD67-167914570834}"
EndProject
Project("{2150E333-8FDC-42A3-9474-1A3956D46DE8}") = "CustomerOrder", "CustomerOrder", "{D5E9568B-1619-4439-AE18-58B1C3E2540E}"
EndProject
Project("{2150E333-8FDC-42A3-9474-1A3956D46DE8}") = "Routers", "Routers", "{A5950AD3-F928-46D1-85B3-8D1958FF914A}"
EndProject
Global
	GlobalSection(SolutionConfigurationPlatforms) = preSolution
		Debug|Any CPU = Debug|Any CPU
		Release|Any CPU = Release|Any CPU
	EndGlobalSection
	GlobalSection(ProjectConfigurationPlatforms) = postSolution
		{8A702158-CA37-4AD6-871B-4C14B717A4ED}.Debug|Any CPU.ActiveCfg = Debug|Any CPU
		{8A702158-CA37-4AD6-871B-4C14B717A4ED}.Debug|Any CPU.Build.0 = Debug|Any CPU
		{8A702158-CA37-4AD6-871B-4C14B717A4ED}.Release|Any CPU.ActiveCfg = Release|Any CPU
		{8A702158-CA37-4AD6-871B-4C14B717A4ED}.Release|Any CPU.Build.0 = Release|Any CPU
		{6B5ACBE4-314C-43C3-B593-BBB7D122D16F}.Debug|Any CPU.ActiveCfg = Debug|Any CPU
		{6B5ACBE4-314C-43C3-B593-BBB7D122D16F}.Debug|Any CPU.Build.0 = Debug|Any CPU
		{6B5ACBE4-314C-43C3-B593-BBB7D122D16F}.Release|Any CPU.ActiveCfg = Release|Any CPU
		{6B5ACBE4-314C-43C3-B593-BBB7D122D16F}.Release|Any CPU.Build.0 = Release|Any CPU
		{B3CC4D23-7036-46DA-ABD6-5E50680F1FC9}.Debug|Any CPU.ActiveCfg = Debug|Any CPU
		{B3CC4D23-7036-46DA-ABD6-5E50680F1FC9}.Debug|Any CPU.Build.0 = Debug|Any CPU
		{B3CC4D23-7036-46DA-ABD6-5E50680F1FC9}.Release|Any CPU.ActiveCfg = Release|Any CPU
		{B3CC4D23-7036-46DA-ABD6-5E50680F1FC9}.Release|Any CPU.Build.0 = Release|Any CPU
		{6EFA85EF-46C0-43D6-8291-780E870C8FAD}.Debug|Any CPU.ActiveCfg = Debug|Any CPU
		{6EFA85EF-46C0-43D6-8291-780E870C8FAD}.Debug|Any CPU.Build.0 = Debug|Any CPU
		{6EFA85EF-46C0-43D6-8291-780E870C8FAD}.Release|Any CPU.ActiveCfg = Release|Any CPU
		{6EFA85EF-46C0-43D6-8291-780E870C8FAD}.Release|Any CPU.Build.0 = Release|Any CPU
		{F3EF0591-05E5-4523-9B46-5622B73802CF}.Debug|Any CPU.ActiveCfg = Debug|Any CPU
		{F3EF0591-05E5-4523-9B46-5622B73802CF}.Debug|Any CPU.Build.0 = Debug|Any CPU
		{F3EF0591-05E5-4523-9B46-5622B73802CF}.Release|Any CPU.ActiveCfg = Release|Any CPU
		{F3EF0591-05E5-4523-9B46-5622B73802CF}.Release|Any CPU.Build.0 = Release|Any CPU
		{567F3727-42FF-4434-B817-C46C26BB3A75}.Debug|Any CPU.ActiveCfg = Debug|Any CPU
		{567F3727-42FF-4434-B817-C46C26BB3A75}.Debug|Any CPU.Build.0 = Debug|Any CPU
		{567F3727-42FF-4434-B817-C46C26BB3A75}.Release|Any CPU.ActiveCfg = Release|Any CPU
		{567F3727-42FF-4434-B817-C46C26BB3A75}.Release|Any CPU.Build.0 = Release|Any CPU
		{140C2B48-BAD3-48C6-AB4E-EC1560FB7899}.Debug|Any CPU.ActiveCfg = Debug|Any CPU
		{140C2B48-BAD3-48C6-AB4E-EC1560FB7899}.Debug|Any CPU.Build.0 = Debug|Any CPU
		{140C2B48-BAD3-48C6-AB4E-EC1560FB7899}.Release|Any CPU.ActiveCfg = Release|Any CPU
		{140C2B48-BAD3-48C6-AB4E-EC1560FB7899}.Release|Any CPU.Build.0 = Release|Any CPU
		{B5E381A3-01BB-48E4-B9E6-9A4E607D7326}.Debug|Any CPU.ActiveCfg = Debug|Any CPU
		{B5E381A3-01BB-48E4-B9E6-9A4E607D7326}.Debug|Any CPU.Build.0 = Debug|Any CPU
		{B5E381A3-01BB-48E4-B9E6-9A4E607D7326}.Release|Any CPU.ActiveCfg = Release|Any CPU
		{B5E381A3-01BB-48E4-B9E6-9A4E607D7326}.Release|Any CPU.Build.0 = Release|Any CPU
		{74668011-17B2-4DD4-A04D-B83115C10460}.Debug|Any CPU.ActiveCfg = Debug|Any CPU
		{74668011-17B2-4DD4-A04D-B83115C10460}.Debug|Any CPU.Build.0 = Debug|Any CPU
		{74668011-17B2-4DD4-A04D-B83115C10460}.Release|Any CPU.ActiveCfg = Release|Any CPU
		{74668011-17B2-4DD4-A04D-B83115C10460}.Release|Any CPU.Build.0 = Release|Any CPU
		{ABCD3D61-D026-4FA1-879C-79524A82FA8E}.Debug|Any CPU.ActiveCfg = Debug|Any CPU
		{ABCD3D61-D026-4FA1-879C-79524A82FA8E}.Debug|Any CPU.Build.0 = Debug|Any CPU
		{ABCD3D61-D026-4FA1-879C-79524A82FA8E}.Release|Any CPU.ActiveCfg = Release|Any CPU
		{ABCD3D61-D026-4FA1-879C-79524A82FA8E}.Release|Any CPU.Build.0 = Release|Any CPU
		{2166EE5E-30B5-494E-912F-86358130C539}.Debug|Any CPU.ActiveCfg = Debug|Any CPU
		{2166EE5E-30B5-494E-912F-86358130C539}.Debug|Any CPU.Build.0 = Debug|Any CPU
		{2166EE5E-30B5-494E-912F-86358130C539}.Release|Any CPU.ActiveCfg = Release|Any CPU
		{2166EE5E-30B5-494E-912F-86358130C539}.Release|Any CPU.Build.0 = Release|Any CPU
		{9789882D-1861-4F35-9A9C-B8CE2A929BF9}.Debug|Any CPU.ActiveCfg = Debug|Any CPU
		{9789882D-1861-4F35-9A9C-B8CE2A929BF9}.Debug|Any CPU.Build.0 = Debug|Any CPU
		{9789882D-1861-4F35-9A9C-B8CE2A929BF9}.Release|Any CPU.ActiveCfg = Release|Any CPU
		{9789882D-1861-4F35-9A9C-B8CE2A929BF9}.Release|Any CPU.Build.0 = Release|Any CPU
	EndGlobalSection
	GlobalSection(SolutionProperties) = preSolution
		HideSolutionNode = FALSE
	EndGlobalSection
	GlobalSection(NestedProjects) = preSolution
		{8A702158-CA37-4AD6-871B-4C14B717A4ED} = {DF795E33-8F8A-4943-9C67-4B6DB8BCF1CD}
		{6B5ACBE4-314C-43C3-B593-BBB7D122D16F} = {F80E6C50-006C-4490-BACE-59172A39A0C4}
		{B3CC4D23-7036-46DA-ABD6-5E50680F1FC9} = {F80E6C50-006C-4490-BACE-59172A39A0C4}
		{6EFA85EF-46C0-43D6-8291-780E870C8FAD} = {F80E6C50-006C-4490-BACE-59172A39A0C4}
		{F3EF0591-05E5-4523-9B46-5622B73802CF} = {D5E9568B-1619-4439-AE18-58B1C3E2540E}
		{567F3727-42FF-4434-B817-C46C26BB3A75} = {161231EB-0809-4150-BD67-167914570834}
		{140C2B48-BAD3-48C6-AB4E-EC1560FB7899} = {A5950AD3-F928-46D1-85B3-8D1958FF914A}
		{B5E381A3-01BB-48E4-B9E6-9A4E607D7326} = {DF795E33-8F8A-4943-9C67-4B6DB8BCF1CD}
		{74668011-17B2-4DD4-A04D-B83115C10460} = {161231EB-0809-4150-BD67-167914570834}
		{ABCD3D61-D026-4FA1-879C-79524A82FA8E} = {D5E9568B-1619-4439-AE18-58B1C3E2540E}
		{2166EE5E-30B5-494E-912F-86358130C539} = {161231EB-0809-4150-BD67-167914570834}
		{9789882D-1861-4F35-9A9C-B8CE2A929BF9} = {A5950AD3-F928-46D1-85B3-8D1958FF914A}
	EndGlobalSection
	GlobalSection(ExtensibilityGlobals) = postSolution
		SolutionGuid = {71EF5C2D-AC5A-40D7-8F65-DB889D61E1B2}
	EndGlobalSection
EndGlobal
